{
  "name": "ssapp-template",
  "version": "1.0.0",
  "lockfileVersion": 2,
  "requires": true,
  "packages": {
    "": {
      "name": "ssapp-template",
      "version": "1.0.0",
      "hasInstallScript": true,
      "license": "MIT",
      "dependencies": {
        "octopus": "git+https://github.com/PrivateSky/octopus.git"
      }
    },
    "node_modules/octopus": {
      "resolved": "git+ssh://git@github.com/PrivateSky/octopus.git#838d498ab75a743160a3756ec459d21f1803584d"
    }
  },
  "dependencies": {
    "octopus": {
      "version": "git+ssh://git@github.com/PrivateSky/octopus.git#838d498ab75a743160a3756ec459d21f1803584d",
      "from": "octopus@git+https://github.com/PrivateSky/octopus.git"
    }
  }
}
